
Microsoft Visual Studio Solution File, Format Version 12.00
# Visual Studio Version 16
VisualStudioVersion = 16.0.29920.165
MinimumVisualStudioVersion = 10.0.40219.1
Project("{FAE04EC0-301F-11D3-BF4B-00C04F79EFBC}") = "compte", "compte\compte.csproj", "{2AA1B4C7-D597-4FBC-B0C3-C05523E84D8B}"
EndProject
Global
	GlobalSection(SolutionConfigurationPlatforms) = preSolution
		Debug|Any CPU = Debug|Any CPU
		Release|Any CPU = Release|Any CPU
	EndGlobalSection
	GlobalSection(ProjectConfigurationPlatforms) = postSolution
		{2AA1B4C7-D597-4FBC-B0C3-C05523E84D8B}.Debug|Any CPU.ActiveCfg = Debug|Any CPU
		{2AA1B4C7-D597-4FBC-B0C3-C05523E84D8B}.Debug|Any CPU.Build.0 = Debug|Any CPU
		{2AA1B4C7-D597-4FBC-B0C3-C05523E84D8B}.Release|Any CPU.ActiveCfg = Release|Any CPU
		{2AA1B4C7-D597-4FBC-B0C3-C05523E84D8B}.Release|Any CPU.Build.0 = Release|Any CPU
	EndGlobalSection
	GlobalSection(SolutionProperties) = preSolution
		HideSolutionNode = FALSE
	EndGlobalSection
	GlobalSection(ExtensibilityGlobals) = postSolution
		SolutionGuid = {6863260E-B96C-4B09-99F9-39BA732D9FCE}
	EndGlobalSection
EndGlobal
